// !$*UTF8*$!
{
	archiveVersion = 1;
	classes = {
	};
	objectVersion = 46;
	objects = {

/* Begin PBXBuildFile section */
		351F47EC1D5B9FAD0093578B /* HTTPRequest.swift in Sources */ = {isa = PBXBuildFile; fileRef = 351F47EB1D5B9FAD0093578B /* HTTPRequest.swift */; };
		35A87DE31D52B997004E739E /* AppDelegate.swift in Sources */ = {isa = PBXBuildFile; fileRef = 35A87DE21D52B997004E739E /* AppDelegate.swift */; };
		35A87DE81D52B997004E739E /* Main.storyboard in Resources */ = {isa = PBXBuildFile; fileRef = 35A87DE61D52B997004E739E /* Main.storyboard */; };
		35A87DEA1D52B998004E739E /* Assets.xcassets in Resources */ = {isa = PBXBuildFile; fileRef = 35A87DE91D52B998004E739E /* Assets.xcassets */; };
		35A87DED1D52B998004E739E /* LaunchScreen.storyboard in Resources */ = {isa = PBXBuildFile; fileRef = 35A87DEB1D52B998004E739E /* LaunchScreen.storyboard */; };
		35A87DF81D52B998004E739E /* EmblemTests.swift in Sources */ = {isa = PBXBuildFile; fileRef = 35A87DF71D52B998004E739E /* EmblemTests.swift */; };
		35A87E031D52B998004E739E /* EmblemUITests.swift in Sources */ = {isa = PBXBuildFile; fileRef = 35A87E021D52B998004E739E /* EmblemUITests.swift */; };
		35A87E111D52BA28004E739E /* LoginViewController.swift in Sources */ = {isa = PBXBuildFile; fileRef = 35A87E101D52BA28004E739E /* LoginViewController.swift */; };
		35BD88A21D59536300A409D6 /* User.swift in Sources */ = {isa = PBXBuildFile; fileRef = 35BD88A11D59536300A409D6 /* User.swift */; };
		35BD88A61D597F3500A409D6 /* MapViewController.swift in Sources */ = {isa = PBXBuildFile; fileRef = 35BD88A51D597F3500A409D6 /* MapViewController.swift */; };
		55CB9937DFC26F85914C1C66 /* Pods_EmblemTests.framework in Frameworks */ = {isa = PBXBuildFile; fileRef = 93A26ACF62EF8EADDFE28128 /* Pods_EmblemTests.framework */; };
		7105318B1D627207003EC15B /* TextureTeapotBlue.png in Resources */ = {isa = PBXBuildFile; fileRef = 710531861D627207003EC15B /* TextureTeapotBlue.png */; };
		7105318C1D627207003EC15B /* TextureTeapotBrass.png in Resources */ = {isa = PBXBuildFile; fileRef = 710531871D627207003EC15B /* TextureTeapotBrass.png */; };
		7105318D1D627207003EC15B /* TextureTeapotGreen.png in Resources */ = {isa = PBXBuildFile; fileRef = 710531881D627207003EC15B /* TextureTeapotGreen.png */; };
		7105318E1D627207003EC15B /* TextureTeapotRed.png in Resources */ = {isa = PBXBuildFile; fileRef = 710531891D627207003EC15B /* TextureTeapotRed.png */; };
		7105318F1D627207003EC15B /* TextureTeapotYellow.png in Resources */ = {isa = PBXBuildFile; fileRef = 7105318A1D627207003EC15B /* TextureTeapotYellow.png */; };
		710531941D62914E003EC15B /* SceneKit.framework in Frameworks */ = {isa = PBXBuildFile; fileRef = 710531931D62914E003EC15B /* SceneKit.framework */; };
		710531971D62AE92003EC15B /* SceneDataSource.mm in Sources */ = {isa = PBXBuildFile; fileRef = 710531961D62AE92003EC15B /* SceneDataSource.mm */; };
		718E64131D5E971E0023B860 /* lib in Resources */ = {isa = PBXBuildFile; fileRef = 718E64121D5E971E0023B860 /* lib */; };
		718E643A1D6012E20023B860 /* libVuforia.a in Frameworks */ = {isa = PBXBuildFile; fileRef = 718E64391D6012E20023B860 /* libVuforia.a */; };
		718E643D1D60157F0023B860 /* AudioToolbox.framework in Frameworks */ = {isa = PBXBuildFile; fileRef = 718E643C1D60157F0023B860 /* AudioToolbox.framework */; };
		718E643F1D6015880023B860 /* AVFoundation.framework in Frameworks */ = {isa = PBXBuildFile; fileRef = 718E643E1D6015880023B860 /* AVFoundation.framework */; };
		718E64411D6015980023B860 /* CoreMedia.framework in Frameworks */ = {isa = PBXBuildFile; fileRef = 718E64401D6015980023B860 /* CoreMedia.framework */; };
		718E64431D6015A20023B860 /* CoreMotion.framework in Frameworks */ = {isa = PBXBuildFile; fileRef = 718E64421D6015A20023B860 /* CoreMotion.framework */; };
		718E64451D6015AF0023B860 /* CoreFoundation.framework in Frameworks */ = {isa = PBXBuildFile; fileRef = 718E64441D6015AF0023B860 /* CoreFoundation.framework */; };
		718E64471D6015B90023B860 /* CoreGraphics.framework in Frameworks */ = {isa = PBXBuildFile; fileRef = 718E64461D6015B90023B860 /* CoreGraphics.framework */; };
		718E64491D6015C90023B860 /* Foundation.framework in Frameworks */ = {isa = PBXBuildFile; fileRef = 718E64481D6015C80023B860 /* Foundation.framework */; };
		718E644B1D6015D80023B860 /* MediaPlayer.framework in Frameworks */ = {isa = PBXBuildFile; fileRef = 718E644A1D6015D80023B860 /* MediaPlayer.framework */; };
		718E644D1D6015E50023B860 /* OpenGLES.framework in Frameworks */ = {isa = PBXBuildFile; fileRef = 718E644C1D6015E50023B860 /* OpenGLES.framework */; };
		718E644F1D6015F50023B860 /* QuartzCore.framework in Frameworks */ = {isa = PBXBuildFile; fileRef = 718E644E1D6015F50023B860 /* QuartzCore.framework */; };
		718E64511D6016010023B860 /* Security.framework in Frameworks */ = {isa = PBXBuildFile; fileRef = 718E64501D6016010023B860 /* Security.framework */; };
		718E64531D60160D0023B860 /* SystemConfiguration.framework in Frameworks */ = {isa = PBXBuildFile; fileRef = 718E64521D60160D0023B860 /* SystemConfiguration.framework */; };
		718E64551D6016160023B860 /* UIKit.framework in Frameworks */ = {isa = PBXBuildFile; fileRef = 718E64541D6016160023B860 /* UIKit.framework */; };
		71B366E31D61382700085836 /* ImageTargetsViewController.mm in Sources */ = {isa = PBXBuildFile; fileRef = 71B366DE1D61382700085836 /* ImageTargetsViewController.mm */; };
		71B3672A1D6226C300085836 /* SampleAppRenderer.mm in Sources */ = {isa = PBXBuildFile; fileRef = 71B367271D6226C300085836 /* SampleAppRenderer.mm */; };
		71B3672B1D6226C300085836 /* ImageTargetsEAGLView.mm in Sources */ = {isa = PBXBuildFile; fileRef = 71B367281D6226C300085836 /* ImageTargetsEAGLView.mm */; };
		71B3672E1D6226FB00085836 /* SampleApplicationSession.mm in Sources */ = {isa = PBXBuildFile; fileRef = 71B3672D1D6226FB00085836 /* SampleApplicationSession.mm */; };
		71B367311D62272000085836 /* SampleAppMenuViewController.mm in Sources */ = {isa = PBXBuildFile; fileRef = 71B367301D62272000085836 /* SampleAppMenuViewController.mm */; };
		71B367341D62273D00085836 /* PresentMenuSegue.m in Sources */ = {isa = PBXBuildFile; fileRef = 71B367331D62273D00085836 /* PresentMenuSegue.m */; };
		71B367371D62276400085836 /* UnwindMenuSegue.m in Sources */ = {isa = PBXBuildFile; fileRef = 71B367361D62276400085836 /* UnwindMenuSegue.m */; };
		71B367401D6227A000085836 /* SampleApplication3DModel.m in Sources */ = {isa = PBXBuildFile; fileRef = 71B367391D6227A000085836 /* SampleApplication3DModel.m */; };
		71B367411D6227A000085836 /* SampleApplicationShaderUtils.m in Sources */ = {isa = PBXBuildFile; fileRef = 71B3673B1D6227A000085836 /* SampleApplicationShaderUtils.m */; };
		71B367421D6227A000085836 /* SampleApplicationUtils.cpp in Sources */ = {isa = PBXBuildFile; fileRef = 71B3673C1D6227A000085836 /* SampleApplicationUtils.cpp */; };
		71B367431D6227A000085836 /* Texture.mm in Sources */ = {isa = PBXBuildFile; fileRef = 71B3673F1D6227A000085836 /* Texture.mm */; };
		71B3674E1D62286300085836 /* Background.fragsh in Resources */ = {isa = PBXBuildFile; fileRef = 71B367471D62286300085836 /* Background.fragsh */; };
		71B3674F1D62286300085836 /* Background.vertsh in Resources */ = {isa = PBXBuildFile; fileRef = 71B367481D62286300085836 /* Background.vertsh */; };
		71B367501D62286300085836 /* Line.fragsh in Resources */ = {isa = PBXBuildFile; fileRef = 71B367491D62286300085836 /* Line.fragsh */; };
		71B367511D62286300085836 /* Line.vertsh in Resources */ = {isa = PBXBuildFile; fileRef = 71B3674A1D62286300085836 /* Line.vertsh */; };
		71B367521D62286300085836 /* Simple.fragsh in Resources */ = {isa = PBXBuildFile; fileRef = 71B3674B1D62286300085836 /* Simple.fragsh */; };
		71B367531D62286300085836 /* Simple.vertsh in Resources */ = {isa = PBXBuildFile; fileRef = 71B3674C1D62286300085836 /* Simple.vertsh */; };
		71B367541D62286300085836 /* SimpleWithColor.fragsh in Resources */ = {isa = PBXBuildFile; fileRef = 71B3674D1D62286300085836 /* SimpleWithColor.fragsh */; };
		71D216A81D622C6C003BCEBB /* IT_about.html in Resources */ = {isa = PBXBuildFile; fileRef = 71D216A21D622C6C003BCEBB /* IT_about.html */; };
		71D216A91D622C6C003BCEBB /* IT.png in Resources */ = {isa = PBXBuildFile; fileRef = 71D216A31D622C6C003BCEBB /* IT.png */; };
		71D216AA1D622C6C003BCEBB /* StonesAndChips.dat in Resources */ = {isa = PBXBuildFile; fileRef = 71D216A41D622C6C003BCEBB /* StonesAndChips.dat */; };
		71D216AB1D622C6C003BCEBB /* StonesAndChips.xml in Resources */ = {isa = PBXBuildFile; fileRef = 71D216A51D622C6C003BCEBB /* StonesAndChips.xml */; };
		71D216AC1D622C6C003BCEBB /* Tarmac.dat in Resources */ = {isa = PBXBuildFile; fileRef = 71D216A61D622C6C003BCEBB /* Tarmac.dat */; };
		71D216AD1D622C6C003BCEBB /* Tarmac.xml in Resources */ = {isa = PBXBuildFile; fileRef = 71D216A71D622C6C003BCEBB /* Tarmac.xml */; };
		80FE0960445486837F57694A /* Pods_EmblemUITests.framework in Frameworks */ = {isa = PBXBuildFile; fileRef = 8CB9D30DE3991C7F8BB8ADAB /* Pods_EmblemUITests.framework */; };
		D5C1AA5F6BACC53824E8D303 /* Pods_Emblem.framework in Frameworks */ = {isa = PBXBuildFile; fileRef = 5A976B07605230728311C182 /* Pods_Emblem.framework */; };
/* End PBXBuildFile section */

/* Begin PBXContainerItemProxy section */
		35A87DF41D52B998004E739E /* PBXContainerItemProxy */ = {
			isa = PBXContainerItemProxy;
			containerPortal = 35A87DD71D52B997004E739E /* Project object */;
			proxyType = 1;
			remoteGlobalIDString = 35A87DDE1D52B997004E739E;
			remoteInfo = Emblem;
		};
		35A87DFF1D52B998004E739E /* PBXContainerItemProxy */ = {
			isa = PBXContainerItemProxy;
			containerPortal = 35A87DD71D52B997004E739E /* Project object */;
			proxyType = 1;
			remoteGlobalIDString = 35A87DDE1D52B997004E739E;
			remoteInfo = Emblem;
		};
/* End PBXContainerItemProxy section */

/* Begin PBXFileReference section */
		351F47EB1D5B9FAD0093578B /* HTTPRequest.swift */ = {isa = PBXFileReference; fileEncoding = 4; lastKnownFileType = sourcecode.swift; path = HTTPRequest.swift; sourceTree = "<group>"; };
		35A87DDF1D52B997004E739E /* Emblem.app */ = {isa = PBXFileReference; explicitFileType = wrapper.application; includeInIndex = 0; path = Emblem.app; sourceTree = BUILT_PRODUCTS_DIR; };
		35A87DE21D52B997004E739E /* AppDelegate.swift */ = {isa = PBXFileReference; lastKnownFileType = sourcecode.swift; path = AppDelegate.swift; sourceTree = "<group>"; };
		35A87DE71D52B997004E739E /* Base */ = {isa = PBXFileReference; lastKnownFileType = file.storyboard; name = Base; path = Base.lproj/Main.storyboard; sourceTree = "<group>"; };
		35A87DE91D52B998004E739E /* Assets.xcassets */ = {isa = PBXFileReference; lastKnownFileType = folder.assetcatalog; path = Assets.xcassets; sourceTree = "<group>"; };
		35A87DEC1D52B998004E739E /* Base */ = {isa = PBXFileReference; lastKnownFileType = file.storyboard; name = Base; path = Base.lproj/LaunchScreen.storyboard; sourceTree = "<group>"; };
		35A87DEE1D52B998004E739E /* Info.plist */ = {isa = PBXFileReference; lastKnownFileType = text.plist.xml; path = Info.plist; sourceTree = "<group>"; };
		35A87DF31D52B998004E739E /* EmblemTests.xctest */ = {isa = PBXFileReference; explicitFileType = wrapper.cfbundle; includeInIndex = 0; path = EmblemTests.xctest; sourceTree = BUILT_PRODUCTS_DIR; };
		35A87DF71D52B998004E739E /* EmblemTests.swift */ = {isa = PBXFileReference; lastKnownFileType = sourcecode.swift; path = EmblemTests.swift; sourceTree = "<group>"; };
		35A87DF91D52B998004E739E /* Info.plist */ = {isa = PBXFileReference; lastKnownFileType = text.plist.xml; path = Info.plist; sourceTree = "<group>"; };
		35A87DFE1D52B998004E739E /* EmblemUITests.xctest */ = {isa = PBXFileReference; explicitFileType = wrapper.cfbundle; includeInIndex = 0; path = EmblemUITests.xctest; sourceTree = BUILT_PRODUCTS_DIR; };
		35A87E021D52B998004E739E /* EmblemUITests.swift */ = {isa = PBXFileReference; lastKnownFileType = sourcecode.swift; path = EmblemUITests.swift; sourceTree = "<group>"; };
		35A87E041D52B998004E739E /* Info.plist */ = {isa = PBXFileReference; lastKnownFileType = text.plist.xml; path = Info.plist; sourceTree = "<group>"; };
		35A87E101D52BA28004E739E /* LoginViewController.swift */ = {isa = PBXFileReference; fileEncoding = 4; lastKnownFileType = sourcecode.swift; path = LoginViewController.swift; sourceTree = "<group>"; };
		35BD88A11D59536300A409D6 /* User.swift */ = {isa = PBXFileReference; fileEncoding = 4; lastKnownFileType = sourcecode.swift; path = User.swift; sourceTree = "<group>"; };
		35BD88A51D597F3500A409D6 /* MapViewController.swift */ = {isa = PBXFileReference; fileEncoding = 4; lastKnownFileType = sourcecode.swift; path = MapViewController.swift; sourceTree = "<group>"; };
		35FA710C1D542EFF00F54CBC /* Emblem-Bridging-Header.h */ = {isa = PBXFileReference; fileEncoding = 4; lastKnownFileType = sourcecode.c.h; path = "Emblem-Bridging-Header.h"; sourceTree = "<group>"; };
		5A976B07605230728311C182 /* Pods_Emblem.framework */ = {isa = PBXFileReference; explicitFileType = wrapper.framework; includeInIndex = 0; path = Pods_Emblem.framework; sourceTree = BUILT_PRODUCTS_DIR; };
		600D4A85AE037D048F0AA4C0 /* Pods-EmblemUITests.debug.xcconfig */ = {isa = PBXFileReference; includeInIndex = 1; lastKnownFileType = text.xcconfig; name = "Pods-EmblemUITests.debug.xcconfig"; path = "Pods/Target Support Files/Pods-EmblemUITests/Pods-EmblemUITests.debug.xcconfig"; sourceTree = "<group>"; };
		67770561255CFF1F85E4316B /* Pods-EmblemUITests.release.xcconfig */ = {isa = PBXFileReference; includeInIndex = 1; lastKnownFileType = text.xcconfig; name = "Pods-EmblemUITests.release.xcconfig"; path = "Pods/Target Support Files/Pods-EmblemUITests/Pods-EmblemUITests.release.xcconfig"; sourceTree = "<group>"; };
		679B4FD6FEAE7FBD70BF8A6B /* Pods-EmblemTests.release.xcconfig */ = {isa = PBXFileReference; includeInIndex = 1; lastKnownFileType = text.xcconfig; name = "Pods-EmblemTests.release.xcconfig"; path = "Pods/Target Support Files/Pods-EmblemTests/Pods-EmblemTests.release.xcconfig"; sourceTree = "<group>"; };
		710531861D627207003EC15B /* TextureTeapotBlue.png */ = {isa = PBXFileReference; lastKnownFileType = image.png; name = TextureTeapotBlue.png; path = "components/ar/fresh ref/VuforiaSamples/VuResources/Assets/TextureTeapotBlue.png"; sourceTree = "<group>"; };
		710531871D627207003EC15B /* TextureTeapotBrass.png */ = {isa = PBXFileReference; lastKnownFileType = image.png; name = TextureTeapotBrass.png; path = "components/ar/fresh ref/VuforiaSamples/VuResources/Assets/TextureTeapotBrass.png"; sourceTree = "<group>"; };
		710531881D627207003EC15B /* TextureTeapotGreen.png */ = {isa = PBXFileReference; lastKnownFileType = image.png; name = TextureTeapotGreen.png; path = "components/ar/fresh ref/VuforiaSamples/VuResources/Assets/TextureTeapotGreen.png"; sourceTree = "<group>"; };
		710531891D627207003EC15B /* TextureTeapotRed.png */ = {isa = PBXFileReference; lastKnownFileType = image.png; name = TextureTeapotRed.png; path = "components/ar/fresh ref/VuforiaSamples/VuResources/Assets/TextureTeapotRed.png"; sourceTree = "<group>"; };
		7105318A1D627207003EC15B /* TextureTeapotYellow.png */ = {isa = PBXFileReference; lastKnownFileType = image.png; name = TextureTeapotYellow.png; path = "components/ar/fresh ref/VuforiaSamples/VuResources/Assets/TextureTeapotYellow.png"; sourceTree = "<group>"; };
		710531931D62914E003EC15B /* SceneKit.framework */ = {isa = PBXFileReference; lastKnownFileType = wrapper.framework; name = SceneKit.framework; path = System/Library/Frameworks/SceneKit.framework; sourceTree = SDKROOT; };
		710531951D62AE7B003EC15B /* SceneDataSource.h */ = {isa = PBXFileReference; lastKnownFileType = sourcecode.c.h; path = SceneDataSource.h; sourceTree = "<group>"; };
		710531961D62AE92003EC15B /* SceneDataSource.mm */ = {isa = PBXFileReference; fileEncoding = 4; lastKnownFileType = sourcecode.cpp.objcpp; path = SceneDataSource.mm; sourceTree = "<group>"; };
		718E64121D5E971E0023B860 /* lib */ = {isa = PBXFileReference; lastKnownFileType = folder; path = lib; sourceTree = SOURCE_ROOT; };
		718E64391D6012E20023B860 /* libVuforia.a */ = {isa = PBXFileReference; lastKnownFileType = archive.ar; name = libVuforia.a; path = lib/vuforia/lib/arm/libVuforia.a; sourceTree = "<group>"; };
		718E643C1D60157F0023B860 /* AudioToolbox.framework */ = {isa = PBXFileReference; lastKnownFileType = wrapper.framework; name = AudioToolbox.framework; path = System/Library/Frameworks/AudioToolbox.framework; sourceTree = SDKROOT; };
		718E643E1D6015880023B860 /* AVFoundation.framework */ = {isa = PBXFileReference; lastKnownFileType = wrapper.framework; name = AVFoundation.framework; path = System/Library/Frameworks/AVFoundation.framework; sourceTree = SDKROOT; };
		718E64401D6015980023B860 /* CoreMedia.framework */ = {isa = PBXFileReference; lastKnownFileType = wrapper.framework; name = CoreMedia.framework; path = System/Library/Frameworks/CoreMedia.framework; sourceTree = SDKROOT; };
		718E64421D6015A20023B860 /* CoreMotion.framework */ = {isa = PBXFileReference; lastKnownFileType = wrapper.framework; name = CoreMotion.framework; path = System/Library/Frameworks/CoreMotion.framework; sourceTree = SDKROOT; };
		718E64441D6015AF0023B860 /* CoreFoundation.framework */ = {isa = PBXFileReference; lastKnownFileType = wrapper.framework; name = CoreFoundation.framework; path = System/Library/Frameworks/CoreFoundation.framework; sourceTree = SDKROOT; };
		718E64461D6015B90023B860 /* CoreGraphics.framework */ = {isa = PBXFileReference; lastKnownFileType = wrapper.framework; name = CoreGraphics.framework; path = System/Library/Frameworks/CoreGraphics.framework; sourceTree = SDKROOT; };
		718E64481D6015C80023B860 /* Foundation.framework */ = {isa = PBXFileReference; lastKnownFileType = wrapper.framework; name = Foundation.framework; path = System/Library/Frameworks/Foundation.framework; sourceTree = SDKROOT; };
		718E644A1D6015D80023B860 /* MediaPlayer.framework */ = {isa = PBXFileReference; lastKnownFileType = wrapper.framework; name = MediaPlayer.framework; path = System/Library/Frameworks/MediaPlayer.framework; sourceTree = SDKROOT; };
		718E644C1D6015E50023B860 /* OpenGLES.framework */ = {isa = PBXFileReference; lastKnownFileType = wrapper.framework; name = OpenGLES.framework; path = System/Library/Frameworks/OpenGLES.framework; sourceTree = SDKROOT; };
		718E644E1D6015F50023B860 /* QuartzCore.framework */ = {isa = PBXFileReference; lastKnownFileType = wrapper.framework; name = QuartzCore.framework; path = System/Library/Frameworks/QuartzCore.framework; sourceTree = SDKROOT; };
		718E64501D6016010023B860 /* Security.framework */ = {isa = PBXFileReference; lastKnownFileType = wrapper.framework; name = Security.framework; path = System/Library/Frameworks/Security.framework; sourceTree = SDKROOT; };
		718E64521D60160D0023B860 /* SystemConfiguration.framework */ = {isa = PBXFileReference; lastKnownFileType = wrapper.framework; name = SystemConfiguration.framework; path = System/Library/Frameworks/SystemConfiguration.framework; sourceTree = SDKROOT; };
		718E64541D6016160023B860 /* UIKit.framework */ = {isa = PBXFileReference; lastKnownFileType = wrapper.framework; name = UIKit.framework; path = System/Library/Frameworks/UIKit.framework; sourceTree = SDKROOT; };
		71AB3EDB1D5D287100A4BD23 /* libVuforia.a */ = {isa = PBXFileReference; lastKnownFileType = archive.ar; name = libVuforia.a; path = "lib/vuforia-sdk-ios-6-0-112/build/lib/arm/libVuforia.a"; sourceTree = "<group>"; };
		71B366DD1D61382700085836 /* ImageTargetsViewController.h */ = {isa = PBXFileReference; fileEncoding = 4; lastKnownFileType = sourcecode.c.h; name = ImageTargetsViewController.h; path = "components/ar/fresh ref/VuforiaSamples/Classes/Features/ImageTargets/ImageTargetsViewController.h"; sourceTree = "<group>"; };
		71B366DE1D61382700085836 /* ImageTargetsViewController.mm */ = {isa = PBXFileReference; fileEncoding = 4; lastKnownFileType = sourcecode.cpp.objcpp; name = ImageTargetsViewController.mm; path = "components/ar/fresh ref/VuforiaSamples/Classes/Features/ImageTargets/ImageTargetsViewController.mm"; sourceTree = "<group>"; };
		71B367261D6226C300085836 /* ImageTargetsEAGLView.h */ = {isa = PBXFileReference; fileEncoding = 4; lastKnownFileType = sourcecode.c.h; name = ImageTargetsEAGLView.h; path = "components/ar/fresh ref/VuforiaSamples/Classes/Features/ImageTargets/ImageTargetsEAGLView.h"; sourceTree = "<group>"; };
		71B367271D6226C300085836 /* SampleAppRenderer.mm */ = {isa = PBXFileReference; fileEncoding = 4; lastKnownFileType = sourcecode.cpp.objcpp; name = SampleAppRenderer.mm; path = "components/ar/fresh ref/VuforiaSamples/Classes/Features/ImageTargets/SampleAppRenderer.mm"; sourceTree = "<group>"; };
		71B367281D6226C300085836 /* ImageTargetsEAGLView.mm */ = {isa = PBXFileReference; fileEncoding = 4; lastKnownFileType = sourcecode.cpp.objcpp; name = ImageTargetsEAGLView.mm; path = "components/ar/fresh ref/VuforiaSamples/Classes/Features/ImageTargets/ImageTargetsEAGLView.mm"; sourceTree = "<group>"; };
		71B367291D6226C300085836 /* SampleAppRenderer.h */ = {isa = PBXFileReference; fileEncoding = 4; lastKnownFileType = sourcecode.c.h; name = SampleAppRenderer.h; path = "components/ar/fresh ref/VuforiaSamples/Classes/Features/ImageTargets/SampleAppRenderer.h"; sourceTree = "<group>"; };
		71B3672C1D6226FB00085836 /* SampleApplicationSession.h */ = {isa = PBXFileReference; fileEncoding = 4; lastKnownFileType = sourcecode.c.h; name = SampleApplicationSession.h; path = "components/ar/fresh ref/VuforiaSamples/Classes/SampleApplication/SampleApplicationSession.h"; sourceTree = "<group>"; };
		71B3672D1D6226FB00085836 /* SampleApplicationSession.mm */ = {isa = PBXFileReference; fileEncoding = 4; lastKnownFileType = sourcecode.cpp.objcpp; name = SampleApplicationSession.mm; path = "components/ar/fresh ref/VuforiaSamples/Classes/SampleApplication/SampleApplicationSession.mm"; sourceTree = "<group>"; };
		71B3672F1D62272000085836 /* SampleAppMenuViewController.h */ = {isa = PBXFileReference; fileEncoding = 4; lastKnownFileType = sourcecode.c.h; name = SampleAppMenuViewController.h; path = "components/ar/fresh ref/VuforiaSamples/Classes/SampleAppUI/SampleAppMenuViewController.h"; sourceTree = "<group>"; };
		71B367301D62272000085836 /* SampleAppMenuViewController.mm */ = {isa = PBXFileReference; fileEncoding = 4; lastKnownFileType = sourcecode.cpp.objcpp; name = SampleAppMenuViewController.mm; path = "components/ar/fresh ref/VuforiaSamples/Classes/SampleAppUI/SampleAppMenuViewController.mm"; sourceTree = "<group>"; };
		71B367321D62273D00085836 /* PresentMenuSegue.h */ = {isa = PBXFileReference; fileEncoding = 4; lastKnownFileType = sourcecode.c.h; name = PresentMenuSegue.h; path = "components/ar/fresh ref/VuforiaSamples/Classes/SampleAppUI/Transitions/PresentMenuSegue.h"; sourceTree = "<group>"; };
		71B367331D62273D00085836 /* PresentMenuSegue.m */ = {isa = PBXFileReference; fileEncoding = 4; lastKnownFileType = sourcecode.c.objc; name = PresentMenuSegue.m; path = "components/ar/fresh ref/VuforiaSamples/Classes/SampleAppUI/Transitions/PresentMenuSegue.m"; sourceTree = "<group>"; };
		71B367351D62276400085836 /* UnwindMenuSegue.h */ = {isa = PBXFileReference; fileEncoding = 4; lastKnownFileType = sourcecode.c.h; name = UnwindMenuSegue.h; path = "components/ar/fresh ref/VuforiaSamples/Classes/SampleAppUI/Transitions/UnwindMenuSegue.h"; sourceTree = "<group>"; };
		71B367361D62276400085836 /* UnwindMenuSegue.m */ = {isa = PBXFileReference; fileEncoding = 4; lastKnownFileType = sourcecode.c.objc; name = UnwindMenuSegue.m; path = "components/ar/fresh ref/VuforiaSamples/Classes/SampleAppUI/Transitions/UnwindMenuSegue.m"; sourceTree = "<group>"; };
		71B367381D6227A000085836 /* SampleApplication3DModel.h */ = {isa = PBXFileReference; fileEncoding = 4; lastKnownFileType = sourcecode.c.h; name = SampleApplication3DModel.h; path = "components/ar/fresh ref/VuforiaSamples/Classes/SampleApplication/SampleApplication3DModel.h"; sourceTree = "<group>"; };
		71B367391D6227A000085836 /* SampleApplication3DModel.m */ = {isa = PBXFileReference; fileEncoding = 4; lastKnownFileType = sourcecode.c.objc; name = SampleApplication3DModel.m; path = "components/ar/fresh ref/VuforiaSamples/Classes/SampleApplication/SampleApplication3DModel.m"; sourceTree = "<group>"; };
		71B3673A1D6227A000085836 /* SampleApplicationShaderUtils.h */ = {isa = PBXFileReference; fileEncoding = 4; lastKnownFileType = sourcecode.c.h; name = SampleApplicationShaderUtils.h; path = "components/ar/fresh ref/VuforiaSamples/Classes/SampleApplication/SampleApplicationShaderUtils.h"; sourceTree = "<group>"; };
		71B3673B1D6227A000085836 /* SampleApplicationShaderUtils.m */ = {isa = PBXFileReference; fileEncoding = 4; lastKnownFileType = sourcecode.c.objc; name = SampleApplicationShaderUtils.m; path = "components/ar/fresh ref/VuforiaSamples/Classes/SampleApplication/SampleApplicationShaderUtils.m"; sourceTree = "<group>"; };
		71B3673C1D6227A000085836 /* SampleApplicationUtils.cpp */ = {isa = PBXFileReference; fileEncoding = 4; lastKnownFileType = sourcecode.cpp.cpp; name = SampleApplicationUtils.cpp; path = "components/ar/fresh ref/VuforiaSamples/Classes/SampleApplication/SampleApplicationUtils.cpp"; sourceTree = "<group>"; };
		71B3673D1D6227A000085836 /* SampleApplicationUtils.h */ = {isa = PBXFileReference; fileEncoding = 4; lastKnownFileType = sourcecode.c.h; name = SampleApplicationUtils.h; path = "components/ar/fresh ref/VuforiaSamples/Classes/SampleApplication/SampleApplicationUtils.h"; sourceTree = "<group>"; };
		71B3673E1D6227A000085836 /* Texture.h */ = {isa = PBXFileReference; fileEncoding = 4; lastKnownFileType = sourcecode.c.h; name = Texture.h; path = "components/ar/fresh ref/VuforiaSamples/Classes/SampleApplication/Texture.h"; sourceTree = "<group>"; };
		71B3673F1D6227A000085836 /* Texture.mm */ = {isa = PBXFileReference; fileEncoding = 4; lastKnownFileType = sourcecode.cpp.objcpp; name = Texture.mm; path = "components/ar/fresh ref/VuforiaSamples/Classes/SampleApplication/Texture.mm"; sourceTree = "<group>"; };
		71B367441D62283C00085836 /* Quad.h */ = {isa = PBXFileReference; fileEncoding = 4; lastKnownFileType = sourcecode.c.h; name = Quad.h; path = "components/ar/fresh ref/VuforiaSamples/Classes/SampleApplication/Quad.h"; sourceTree = "<group>"; };
		71B367451D62283C00085836 /* SampleGLResourceHandler.h */ = {isa = PBXFileReference; fileEncoding = 4; lastKnownFileType = sourcecode.c.h; name = SampleGLResourceHandler.h; path = "components/ar/fresh ref/VuforiaSamples/Classes/SampleApplication/SampleGLResourceHandler.h"; sourceTree = "<group>"; };
		71B367461D62283C00085836 /* Teapot.h */ = {isa = PBXFileReference; fileEncoding = 4; lastKnownFileType = sourcecode.c.h; name = Teapot.h; path = "components/ar/fresh ref/VuforiaSamples/Classes/SampleApplication/Teapot.h"; sourceTree = "<group>"; };
		71B367471D62286300085836 /* Background.fragsh */ = {isa = PBXFileReference; fileEncoding = 4; lastKnownFileType = text; name = Background.fragsh; path = "components/ar/fresh ref/VuforiaSamples/Classes/SampleApplication/shaders/Background.fragsh"; sourceTree = "<group>"; };
		71B367481D62286300085836 /* Background.vertsh */ = {isa = PBXFileReference; fileEncoding = 4; lastKnownFileType = text; name = Background.vertsh; path = "components/ar/fresh ref/VuforiaSamples/Classes/SampleApplication/shaders/Background.vertsh"; sourceTree = "<group>"; };
		71B367491D62286300085836 /* Line.fragsh */ = {isa = PBXFileReference; fileEncoding = 4; lastKnownFileType = text; name = Line.fragsh; path = "components/ar/fresh ref/VuforiaSamples/Classes/SampleApplication/shaders/Line.fragsh"; sourceTree = "<group>"; };
		71B3674A1D62286300085836 /* Line.vertsh */ = {isa = PBXFileReference; fileEncoding = 4; lastKnownFileType = text; name = Line.vertsh; path = "components/ar/fresh ref/VuforiaSamples/Classes/SampleApplication/shaders/Line.vertsh"; sourceTree = "<group>"; };
		71B3674B1D62286300085836 /* Simple.fragsh */ = {isa = PBXFileReference; fileEncoding = 4; lastKnownFileType = text; name = Simple.fragsh; path = "components/ar/fresh ref/VuforiaSamples/Classes/SampleApplication/shaders/Simple.fragsh"; sourceTree = "<group>"; };
		71B3674C1D62286300085836 /* Simple.vertsh */ = {isa = PBXFileReference; fileEncoding = 4; lastKnownFileType = text; name = Simple.vertsh; path = "components/ar/fresh ref/VuforiaSamples/Classes/SampleApplication/shaders/Simple.vertsh"; sourceTree = "<group>"; };
		71B3674D1D62286300085836 /* SimpleWithColor.fragsh */ = {isa = PBXFileReference; fileEncoding = 4; lastKnownFileType = text; name = SimpleWithColor.fragsh; path = "components/ar/fresh ref/VuforiaSamples/Classes/SampleApplication/shaders/SimpleWithColor.fragsh"; sourceTree = "<group>"; };
		71D216A21D622C6C003BCEBB /* IT_about.html */ = {isa = PBXFileReference; fileEncoding = 4; lastKnownFileType = text.html; name = IT_about.html; path = "components/ar/fresh ref/VuforiaSamples/VuResources/Assets/ImageTargets/IT_about.html"; sourceTree = "<group>"; };
		71D216A31D622C6C003BCEBB /* IT.png */ = {isa = PBXFileReference; lastKnownFileType = image.png; name = IT.png; path = "components/ar/fresh ref/VuforiaSamples/VuResources/Assets/ImageTargets/IT.png"; sourceTree = "<group>"; };
		71D216A41D622C6C003BCEBB /* StonesAndChips.dat */ = {isa = PBXFileReference; lastKnownFileType = file; name = StonesAndChips.dat; path = "components/ar/fresh ref/VuforiaSamples/VuResources/Assets/ImageTargets/StonesAndChips.dat"; sourceTree = "<group>"; };
		71D216A51D622C6C003BCEBB /* StonesAndChips.xml */ = {isa = PBXFileReference; fileEncoding = 4; lastKnownFileType = text.xml; name = StonesAndChips.xml; path = "components/ar/fresh ref/VuforiaSamples/VuResources/Assets/ImageTargets/StonesAndChips.xml"; sourceTree = "<group>"; };
		71D216A61D622C6C003BCEBB /* Tarmac.dat */ = {isa = PBXFileReference; lastKnownFileType = file; name = Tarmac.dat; path = "components/ar/fresh ref/VuforiaSamples/VuResources/Assets/ImageTargets/Tarmac.dat"; sourceTree = "<group>"; };
		71D216A71D622C6C003BCEBB /* Tarmac.xml */ = {isa = PBXFileReference; fileEncoding = 4; lastKnownFileType = text.xml; name = Tarmac.xml; path = "components/ar/fresh ref/VuforiaSamples/VuResources/Assets/ImageTargets/Tarmac.xml"; sourceTree = "<group>"; };
		7EDE38068E97E3DD01296F43 /* Pods-EmblemTests.debug.xcconfig */ = {isa = PBXFileReference; includeInIndex = 1; lastKnownFileType = text.xcconfig; name = "Pods-EmblemTests.debug.xcconfig"; path = "Pods/Target Support Files/Pods-EmblemTests/Pods-EmblemTests.debug.xcconfig"; sourceTree = "<group>"; };
		8CB9D30DE3991C7F8BB8ADAB /* Pods_EmblemUITests.framework */ = {isa = PBXFileReference; explicitFileType = wrapper.framework; includeInIndex = 0; path = Pods_EmblemUITests.framework; sourceTree = BUILT_PRODUCTS_DIR; };
		93A26ACF62EF8EADDFE28128 /* Pods_EmblemTests.framework */ = {isa = PBXFileReference; explicitFileType = wrapper.framework; includeInIndex = 0; path = Pods_EmblemTests.framework; sourceTree = BUILT_PRODUCTS_DIR; };
		A8D395F0EF6B5C0151062790 /* Pods-Emblem.release.xcconfig */ = {isa = PBXFileReference; includeInIndex = 1; lastKnownFileType = text.xcconfig; name = "Pods-Emblem.release.xcconfig"; path = "Pods/Target Support Files/Pods-Emblem/Pods-Emblem.release.xcconfig"; sourceTree = "<group>"; };
		E7A804B65C6354D60BBB3FE2 /* Pods-Emblem.debug.xcconfig */ = {isa = PBXFileReference; includeInIndex = 1; lastKnownFileType = text.xcconfig; name = "Pods-Emblem.debug.xcconfig"; path = "Pods/Target Support Files/Pods-Emblem/Pods-Emblem.debug.xcconfig"; sourceTree = "<group>"; };
/* End PBXFileReference section */

/* Begin PBXFrameworksBuildPhase section */
		35A87DDC1D52B997004E739E /* Frameworks */ = {
			isa = PBXFrameworksBuildPhase;
			buildActionMask = 2147483647;
			files = (
				710531941D62914E003EC15B /* SceneKit.framework in Frameworks */,
				718E64551D6016160023B860 /* UIKit.framework in Frameworks */,
				718E64531D60160D0023B860 /* SystemConfiguration.framework in Frameworks */,
				718E64511D6016010023B860 /* Security.framework in Frameworks */,
				718E644F1D6015F50023B860 /* QuartzCore.framework in Frameworks */,
				718E644D1D6015E50023B860 /* OpenGLES.framework in Frameworks */,
				718E644B1D6015D80023B860 /* MediaPlayer.framework in Frameworks */,
				718E64491D6015C90023B860 /* Foundation.framework in Frameworks */,
				718E64471D6015B90023B860 /* CoreGraphics.framework in Frameworks */,
				718E64451D6015AF0023B860 /* CoreFoundation.framework in Frameworks */,
				718E64431D6015A20023B860 /* CoreMotion.framework in Frameworks */,
				718E64411D6015980023B860 /* CoreMedia.framework in Frameworks */,
				718E643F1D6015880023B860 /* AVFoundation.framework in Frameworks */,
				718E643D1D60157F0023B860 /* AudioToolbox.framework in Frameworks */,
				718E643A1D6012E20023B860 /* libVuforia.a in Frameworks */,
				D5C1AA5F6BACC53824E8D303 /* Pods_Emblem.framework in Frameworks */,
			);
			runOnlyForDeploymentPostprocessing = 0;
		};
		35A87DF01D52B998004E739E /* Frameworks */ = {
			isa = PBXFrameworksBuildPhase;
			buildActionMask = 2147483647;
			files = (
				55CB9937DFC26F85914C1C66 /* Pods_EmblemTests.framework in Frameworks */,
			);
			runOnlyForDeploymentPostprocessing = 0;
		};
		35A87DFB1D52B998004E739E /* Frameworks */ = {
			isa = PBXFrameworksBuildPhase;
			buildActionMask = 2147483647;
			files = (
				80FE0960445486837F57694A /* Pods_EmblemUITests.framework in Frameworks */,
			);
			runOnlyForDeploymentPostprocessing = 0;
		};
/* End PBXFrameworksBuildPhase section */

/* Begin PBXGroup section */
		2423C5C05593E1258F45F398 /* Pods */ = {
			isa = PBXGroup;
			children = (
				E7A804B65C6354D60BBB3FE2 /* Pods-Emblem.debug.xcconfig */,
				A8D395F0EF6B5C0151062790 /* Pods-Emblem.release.xcconfig */,
				7EDE38068E97E3DD01296F43 /* Pods-EmblemTests.debug.xcconfig */,
				679B4FD6FEAE7FBD70BF8A6B /* Pods-EmblemTests.release.xcconfig */,
				600D4A85AE037D048F0AA4C0 /* Pods-EmblemUITests.debug.xcconfig */,
				67770561255CFF1F85E4316B /* Pods-EmblemUITests.release.xcconfig */,
			);
			name = Pods;
			sourceTree = "<group>";
		};
		35A87DD61D52B997004E739E = {
			isa = PBXGroup;
			children = (
				35A87DE11D52B997004E739E /* Emblem */,
				35A87DF61D52B998004E739E /* EmblemTests */,
				35A87E011D52B998004E739E /* EmblemUITests */,
				35A87DE01D52B997004E739E /* Products */,
				2423C5C05593E1258F45F398 /* Pods */,
				DE59BFB1C6BC0733D112633F /* Frameworks */,
			);
			sourceTree = "<group>";
		};
		35A87DE01D52B997004E739E /* Products */ = {
			isa = PBXGroup;
			children = (
				35A87DDF1D52B997004E739E /* Emblem.app */,
				35A87DF31D52B998004E739E /* EmblemTests.xctest */,
				35A87DFE1D52B998004E739E /* EmblemUITests.xctest */,
			);
			name = Products;
			sourceTree = "<group>";
		};
		35A87DE11D52B997004E739E /* Emblem */ = {
			isa = PBXGroup;
			children = (
				718E64121D5E971E0023B860 /* lib */,
				351F47EB1D5B9FAD0093578B /* HTTPRequest.swift */,
				35FA710C1D542EFF00F54CBC /* Emblem-Bridging-Header.h */,
				35A87DE21D52B997004E739E /* AppDelegate.swift */,
				35A87DE61D52B997004E739E /* Main.storyboard */,
				35BD88A71D597F4000A409D6 /* Controllers */,
				35BD889E1D5952FE00A409D6 /* Models */,
				35A87DE91D52B998004E739E /* Assets.xcassets */,
				35A87DEB1D52B998004E739E /* LaunchScreen.storyboard */,
				35A87DEE1D52B998004E739E /* Info.plist */,
			);
			path = Emblem;
			sourceTree = "<group>";
		};
		35A87DF61D52B998004E739E /* EmblemTests */ = {
			isa = PBXGroup;
			children = (
				35A87DF71D52B998004E739E /* EmblemTests.swift */,
				35A87DF91D52B998004E739E /* Info.plist */,
			);
			path = EmblemTests;
			sourceTree = "<group>";
		};
		35A87E011D52B998004E739E /* EmblemUITests */ = {
			isa = PBXGroup;
			children = (
				35A87E021D52B998004E739E /* EmblemUITests.swift */,
				35A87E041D52B998004E739E /* Info.plist */,
			);
			path = EmblemUITests;
			sourceTree = "<group>";
		};
		35BD889E1D5952FE00A409D6 /* Models */ = {
			isa = PBXGroup;
			children = (
				35BD88A11D59536300A409D6 /* User.swift */,
			);
			name = Models;
			sourceTree = "<group>";
		};
		35BD88A71D597F4000A409D6 /* Controllers */ = {
			isa = PBXGroup;
			children = (
				71B366DC1D6137C400085836 /* Transplant */,
				35A87E101D52BA28004E739E /* LoginViewController.swift */,
				35BD88A51D597F3500A409D6 /* MapViewController.swift */,
			);
			name = Controllers;
			sourceTree = "<group>";
		};
		71B366DC1D6137C400085836 /* Transplant */ = {
			isa = PBXGroup;
			children = (
				710531861D627207003EC15B /* TextureTeapotBlue.png */,
				710531871D627207003EC15B /* TextureTeapotBrass.png */,
				710531881D627207003EC15B /* TextureTeapotGreen.png */,
				710531891D627207003EC15B /* TextureTeapotRed.png */,
				7105318A1D627207003EC15B /* TextureTeapotYellow.png */,
				71D216A21D622C6C003BCEBB /* IT_about.html */,
				71D216A31D622C6C003BCEBB /* IT.png */,
				71D216A41D622C6C003BCEBB /* StonesAndChips.dat */,
				71D216A51D622C6C003BCEBB /* StonesAndChips.xml */,
				71D216A61D622C6C003BCEBB /* Tarmac.dat */,
				71D216A71D622C6C003BCEBB /* Tarmac.xml */,
				71B367471D62286300085836 /* Background.fragsh */,
				71B367481D62286300085836 /* Background.vertsh */,
				71B367491D62286300085836 /* Line.fragsh */,
				71B3674A1D62286300085836 /* Line.vertsh */,
				71B3674B1D62286300085836 /* Simple.fragsh */,
				71B3674C1D62286300085836 /* Simple.vertsh */,
				71B3674D1D62286300085836 /* SimpleWithColor.fragsh */,
				71B367441D62283C00085836 /* Quad.h */,
				71B367451D62283C00085836 /* SampleGLResourceHandler.h */,
				71B367461D62283C00085836 /* Teapot.h */,
				71B367381D6227A000085836 /* SampleApplication3DModel.h */,
				71B367391D6227A000085836 /* SampleApplication3DModel.m */,
				71B3673A1D6227A000085836 /* SampleApplicationShaderUtils.h */,
				71B3673B1D6227A000085836 /* SampleApplicationShaderUtils.m */,
				71B3673C1D6227A000085836 /* SampleApplicationUtils.cpp */,
				71B3673D1D6227A000085836 /* SampleApplicationUtils.h */,
				71B3673E1D6227A000085836 /* Texture.h */,
				71B3673F1D6227A000085836 /* Texture.mm */,
				71B367351D62276400085836 /* UnwindMenuSegue.h */,
				71B367361D62276400085836 /* UnwindMenuSegue.m */,
				71B367321D62273D00085836 /* PresentMenuSegue.h */,
				71B367331D62273D00085836 /* PresentMenuSegue.m */,
				71B3672F1D62272000085836 /* SampleAppMenuViewController.h */,
				71B367301D62272000085836 /* SampleAppMenuViewController.mm */,
				71B3672C1D6226FB00085836 /* SampleApplicationSession.h */,
				71B3672D1D6226FB00085836 /* SampleApplicationSession.mm */,
				71B367261D6226C300085836 /* ImageTargetsEAGLView.h */,
				71B367281D6226C300085836 /* ImageTargetsEAGLView.mm */,
				71B367271D6226C300085836 /* SampleAppRenderer.mm */,
				71B367291D6226C300085836 /* SampleAppRenderer.h */,
				71B366DD1D61382700085836 /* ImageTargetsViewController.h */,
				71B366DE1D61382700085836 /* ImageTargetsViewController.mm */,
				710531951D62AE7B003EC15B /* SceneDataSource.h */,
				710531961D62AE92003EC15B /* SceneDataSource.mm */,
			);
			name = Transplant;
			sourceTree = "<group>";
		};
		DE59BFB1C6BC0733D112633F /* Frameworks */ = {
			isa = PBXGroup;
			children = (
				710531931D62914E003EC15B /* SceneKit.framework */,
				718E64541D6016160023B860 /* UIKit.framework */,
				718E64521D60160D0023B860 /* SystemConfiguration.framework */,
				718E64501D6016010023B860 /* Security.framework */,
				718E644E1D6015F50023B860 /* QuartzCore.framework */,
				718E644C1D6015E50023B860 /* OpenGLES.framework */,
				718E644A1D6015D80023B860 /* MediaPlayer.framework */,
				718E64481D6015C80023B860 /* Foundation.framework */,
				718E64461D6015B90023B860 /* CoreGraphics.framework */,
				718E64441D6015AF0023B860 /* CoreFoundation.framework */,
				718E64421D6015A20023B860 /* CoreMotion.framework */,
				718E64401D6015980023B860 /* CoreMedia.framework */,
				718E643E1D6015880023B860 /* AVFoundation.framework */,
				718E643C1D60157F0023B860 /* AudioToolbox.framework */,
				718E64391D6012E20023B860 /* libVuforia.a */,
				71AB3EDB1D5D287100A4BD23 /* libVuforia.a */,
				5A976B07605230728311C182 /* Pods_Emblem.framework */,
				93A26ACF62EF8EADDFE28128 /* Pods_EmblemTests.framework */,
				8CB9D30DE3991C7F8BB8ADAB /* Pods_EmblemUITests.framework */,
			);
			name = Frameworks;
			sourceTree = "<group>";
		};
/* End PBXGroup section */

/* Begin PBXNativeTarget section */
		35A87DDE1D52B997004E739E /* Emblem */ = {
			isa = PBXNativeTarget;
			buildConfigurationList = 35A87E071D52B998004E739E /* Build configuration list for PBXNativeTarget "Emblem" */;
			buildPhases = (
				44B99E94EAF1E0494CE8B82D /* [CP] Check Pods Manifest.lock */,
				35A87DDB1D52B997004E739E /* Sources */,
				35A87DDC1D52B997004E739E /* Frameworks */,
				35A87DDD1D52B997004E739E /* Resources */,
				1823734B92DE19A47F2BE611 /* [CP] Embed Pods Frameworks */,
				D99B4CCB873868BA3FB272F0 /* [CP] Copy Pods Resources */,
			);
			buildRules = (
			);
			dependencies = (
			);
			name = Emblem;
			productName = Emblem;
			productReference = 35A87DDF1D52B997004E739E /* Emblem.app */;
			productType = "com.apple.product-type.application";
		};
		35A87DF21D52B998004E739E /* EmblemTests */ = {
			isa = PBXNativeTarget;
			buildConfigurationList = 35A87E0A1D52B998004E739E /* Build configuration list for PBXNativeTarget "EmblemTests" */;
			buildPhases = (
				29BA13B9BB8D065C46690239 /* [CP] Check Pods Manifest.lock */,
				35A87DEF1D52B998004E739E /* Sources */,
				35A87DF01D52B998004E739E /* Frameworks */,
				35A87DF11D52B998004E739E /* Resources */,
				D4DEAE798160B9EBF169DEC3 /* [CP] Embed Pods Frameworks */,
				4CDD82125BFF757C258705A1 /* [CP] Copy Pods Resources */,
			);
			buildRules = (
			);
			dependencies = (
				35A87DF51D52B998004E739E /* PBXTargetDependency */,
			);
			name = EmblemTests;
			productName = EmblemTests;
			productReference = 35A87DF31D52B998004E739E /* EmblemTests.xctest */;
			productType = "com.apple.product-type.bundle.unit-test";
		};
		35A87DFD1D52B998004E739E /* EmblemUITests */ = {
			isa = PBXNativeTarget;
			buildConfigurationList = 35A87E0D1D52B998004E739E /* Build configuration list for PBXNativeTarget "EmblemUITests" */;
			buildPhases = (
				6BD23F37439548402AA3288B /* [CP] Check Pods Manifest.lock */,
				35A87DFA1D52B998004E739E /* Sources */,
				35A87DFB1D52B998004E739E /* Frameworks */,
				35A87DFC1D52B998004E739E /* Resources */,
				C2B144DC1047AA4AD370CFF0 /* [CP] Copy Pods Resources */,
			);
			buildRules = (
			);
			dependencies = (
				35A87E001D52B998004E739E /* PBXTargetDependency */,
			);
			name = EmblemUITests;
			productName = EmblemUITests;
			productReference = 35A87DFE1D52B998004E739E /* EmblemUITests.xctest */;
			productType = "com.apple.product-type.bundle.ui-testing";
		};
/* End PBXNativeTarget section */

/* Begin PBXProject section */
		35A87DD71D52B997004E739E /* Project object */ = {
			isa = PBXProject;
			attributes = {
				LastSwiftUpdateCheck = 0730;
				LastUpgradeCheck = 0730;
				ORGANIZATIONNAME = Hadashco;
				TargetAttributes = {
					35A87DDE1D52B997004E739E = {
						CreatedOnToolsVersion = 7.3.1;
						DevelopmentTeam = UA7GA5Q8Y4;
					};
					35A87DF21D52B998004E739E = {
						CreatedOnToolsVersion = 7.3.1;
						TestTargetID = 35A87DDE1D52B997004E739E;
					};
					35A87DFD1D52B998004E739E = {
						CreatedOnToolsVersion = 7.3.1;
						TestTargetID = 35A87DDE1D52B997004E739E;
					};
				};
			};
			buildConfigurationList = 35A87DDA1D52B997004E739E /* Build configuration list for PBXProject "Emblem" */;
			compatibilityVersion = "Xcode 3.2";
			developmentRegion = English;
			hasScannedForEncodings = 0;
			knownRegions = (
				en,
				Base,
			);
			mainGroup = 35A87DD61D52B997004E739E;
			productRefGroup = 35A87DE01D52B997004E739E /* Products */;
			projectDirPath = "";
			projectRoot = "";
			targets = (
				35A87DDE1D52B997004E739E /* Emblem */,
				35A87DF21D52B998004E739E /* EmblemTests */,
				35A87DFD1D52B998004E739E /* EmblemUITests */,
			);
		};
/* End PBXProject section */

/* Begin PBXResourcesBuildPhase section */
		35A87DDD1D52B997004E739E /* Resources */ = {
			isa = PBXResourcesBuildPhase;
			buildActionMask = 2147483647;
			files = (
				71D216AC1D622C6C003BCEBB /* Tarmac.dat in Resources */,
				71B3674E1D62286300085836 /* Background.fragsh in Resources */,
				7105318B1D627207003EC15B /* TextureTeapotBlue.png in Resources */,
				35A87DED1D52B998004E739E /* LaunchScreen.storyboard in Resources */,
				71D216A91D622C6C003BCEBB /* IT.png in Resources */,
				71B367521D62286300085836 /* Simple.fragsh in Resources */,
				35A87DEA1D52B998004E739E /* Assets.xcassets in Resources */,
				718E64131D5E971E0023B860 /* lib in Resources */,
				7105318E1D627207003EC15B /* TextureTeapotRed.png in Resources */,
				71D216AD1D622C6C003BCEBB /* Tarmac.xml in Resources */,
				71B367511D62286300085836 /* Line.vertsh in Resources */,
				7105318C1D627207003EC15B /* TextureTeapotBrass.png in Resources */,
				71D216AB1D622C6C003BCEBB /* StonesAndChips.xml in Resources */,
				71B367501D62286300085836 /* Line.fragsh in Resources */,
				71D216A81D622C6C003BCEBB /* IT_about.html in Resources */,
				7105318F1D627207003EC15B /* TextureTeapotYellow.png in Resources */,
				71B3674F1D62286300085836 /* Background.vertsh in Resources */,
				71D216AA1D622C6C003BCEBB /* StonesAndChips.dat in Resources */,
				71B367541D62286300085836 /* SimpleWithColor.fragsh in Resources */,
				7105318D1D627207003EC15B /* TextureTeapotGreen.png in Resources */,
				35A87DE81D52B997004E739E /* Main.storyboard in Resources */,
				71B367531D62286300085836 /* Simple.vertsh in Resources */,
			);
			runOnlyForDeploymentPostprocessing = 0;
		};
		35A87DF11D52B998004E739E /* Resources */ = {
			isa = PBXResourcesBuildPhase;
			buildActionMask = 2147483647;
			files = (
			);
			runOnlyForDeploymentPostprocessing = 0;
		};
		35A87DFC1D52B998004E739E /* Resources */ = {
			isa = PBXResourcesBuildPhase;
			buildActionMask = 2147483647;
			files = (
			);
			runOnlyForDeploymentPostprocessing = 0;
		};
/* End PBXResourcesBuildPhase section */

/* Begin PBXShellScriptBuildPhase section */
		1823734B92DE19A47F2BE611 /* [CP] Embed Pods Frameworks */ = {
			isa = PBXShellScriptBuildPhase;
			buildActionMask = 2147483647;
			files = (
			);
			inputPaths = (
			);
			name = "[CP] Embed Pods Frameworks";
			outputPaths = (
			);
			runOnlyForDeploymentPostprocessing = 0;
			shellPath = /bin/sh;
			shellScript = "\"${SRCROOT}/Pods/Target Support Files/Pods-Emblem/Pods-Emblem-frameworks.sh\"\n";
			showEnvVarsInLog = 0;
		};
		29BA13B9BB8D065C46690239 /* [CP] Check Pods Manifest.lock */ = {
			isa = PBXShellScriptBuildPhase;
			buildActionMask = 2147483647;
			files = (
			);
			inputPaths = (
			);
			name = "[CP] Check Pods Manifest.lock";
			outputPaths = (
			);
			runOnlyForDeploymentPostprocessing = 0;
			shellPath = /bin/sh;
			shellScript = "diff \"${PODS_ROOT}/../Podfile.lock\" \"${PODS_ROOT}/Manifest.lock\" > /dev/null\nif [[ $? != 0 ]] ; then\n    cat << EOM\nerror: The sandbox is not in sync with the Podfile.lock. Run 'pod install' or update your CocoaPods installation.\nEOM\n    exit 1\nfi\n";
			showEnvVarsInLog = 0;
		};
		44B99E94EAF1E0494CE8B82D /* [CP] Check Pods Manifest.lock */ = {
			isa = PBXShellScriptBuildPhase;
			buildActionMask = 2147483647;
			files = (
			);
			inputPaths = (
			);
			name = "[CP] Check Pods Manifest.lock";
			outputPaths = (
			);
			runOnlyForDeploymentPostprocessing = 0;
			shellPath = /bin/sh;
			shellScript = "diff \"${PODS_ROOT}/../Podfile.lock\" \"${PODS_ROOT}/Manifest.lock\" > /dev/null\nif [[ $? != 0 ]] ; then\n    cat << EOM\nerror: The sandbox is not in sync with the Podfile.lock. Run 'pod install' or update your CocoaPods installation.\nEOM\n    exit 1\nfi\n";
			showEnvVarsInLog = 0;
		};
		4CDD82125BFF757C258705A1 /* [CP] Copy Pods Resources */ = {
			isa = PBXShellScriptBuildPhase;
			buildActionMask = 2147483647;
			files = (
			);
			inputPaths = (
			);
			name = "[CP] Copy Pods Resources";
			outputPaths = (
			);
			runOnlyForDeploymentPostprocessing = 0;
			shellPath = /bin/sh;
			shellScript = "\"${SRCROOT}/Pods/Target Support Files/Pods-EmblemTests/Pods-EmblemTests-resources.sh\"\n";
			showEnvVarsInLog = 0;
		};
		6BD23F37439548402AA3288B /* [CP] Check Pods Manifest.lock */ = {
			isa = PBXShellScriptBuildPhase;
			buildActionMask = 2147483647;
			files = (
			);
			inputPaths = (
			);
			name = "[CP] Check Pods Manifest.lock";
			outputPaths = (
			);
			runOnlyForDeploymentPostprocessing = 0;
			shellPath = /bin/sh;
			shellScript = "diff \"${PODS_ROOT}/../Podfile.lock\" \"${PODS_ROOT}/Manifest.lock\" > /dev/null\nif [[ $? != 0 ]] ; then\n    cat << EOM\nerror: The sandbox is not in sync with the Podfile.lock. Run 'pod install' or update your CocoaPods installation.\nEOM\n    exit 1\nfi\n";
			showEnvVarsInLog = 0;
		};
		C2B144DC1047AA4AD370CFF0 /* [CP] Copy Pods Resources */ = {
			isa = PBXShellScriptBuildPhase;
			buildActionMask = 2147483647;
			files = (
			);
			inputPaths = (
			);
			name = "[CP] Copy Pods Resources";
			outputPaths = (
			);
			runOnlyForDeploymentPostprocessing = 0;
			shellPath = /bin/sh;
			shellScript = "\"${SRCROOT}/Pods/Target Support Files/Pods-EmblemUITests/Pods-EmblemUITests-resources.sh\"\n";
			showEnvVarsInLog = 0;
		};
		D4DEAE798160B9EBF169DEC3 /* [CP] Embed Pods Frameworks */ = {
			isa = PBXShellScriptBuildPhase;
			buildActionMask = 2147483647;
			files = (
			);
			inputPaths = (
			);
			name = "[CP] Embed Pods Frameworks";
			outputPaths = (
			);
			runOnlyForDeploymentPostprocessing = 0;
			shellPath = /bin/sh;
			shellScript = "\"${SRCROOT}/Pods/Target Support Files/Pods-EmblemTests/Pods-EmblemTests-frameworks.sh\"\n";
			showEnvVarsInLog = 0;
		};
		D99B4CCB873868BA3FB272F0 /* [CP] Copy Pods Resources */ = {
			isa = PBXShellScriptBuildPhase;
			buildActionMask = 2147483647;
			files = (
			);
			inputPaths = (
			);
			name = "[CP] Copy Pods Resources";
			outputPaths = (
			);
			runOnlyForDeploymentPostprocessing = 0;
			shellPath = /bin/sh;
			shellScript = "\"${SRCROOT}/Pods/Target Support Files/Pods-Emblem/Pods-Emblem-resources.sh\"\n";
			showEnvVarsInLog = 0;
		};
/* End PBXShellScriptBuildPhase section */

/* Begin PBXSourcesBuildPhase section */
		35A87DDB1D52B997004E739E /* Sources */ = {
			isa = PBXSourcesBuildPhase;
			buildActionMask = 2147483647;
			files = (
				71B367341D62273D00085836 /* PresentMenuSegue.m in Sources */,
				71B3672B1D6226C300085836 /* ImageTargetsEAGLView.mm in Sources */,
				710531971D62AE92003EC15B /* SceneDataSource.mm in Sources */,
				71B367401D6227A000085836 /* SampleApplication3DModel.m in Sources */,
				71B367431D6227A000085836 /* Texture.mm in Sources */,
				35BD88A21D59536300A409D6 /* User.swift in Sources */,
				35A87E111D52BA28004E739E /* LoginViewController.swift in Sources */,
				351F47EC1D5B9FAD0093578B /* HTTPRequest.swift in Sources */,
				35A87DE31D52B997004E739E /* AppDelegate.swift in Sources */,
				71B367411D6227A000085836 /* SampleApplicationShaderUtils.m in Sources */,
				71B366E31D61382700085836 /* ImageTargetsViewController.mm in Sources */,
				71B367421D6227A000085836 /* SampleApplicationUtils.cpp in Sources */,
				71B367371D62276400085836 /* UnwindMenuSegue.m in Sources */,
				35BD88A61D597F3500A409D6 /* MapViewController.swift in Sources */,
				71B3672E1D6226FB00085836 /* SampleApplicationSession.mm in Sources */,
				71B3672A1D6226C300085836 /* SampleAppRenderer.mm in Sources */,
				71B367311D62272000085836 /* SampleAppMenuViewController.mm in Sources */,
			);
			runOnlyForDeploymentPostprocessing = 0;
		};
		35A87DEF1D52B998004E739E /* Sources */ = {
			isa = PBXSourcesBuildPhase;
			buildActionMask = 2147483647;
			files = (
				35A87DF81D52B998004E739E /* EmblemTests.swift in Sources */,
			);
			runOnlyForDeploymentPostprocessing = 0;
		};
		35A87DFA1D52B998004E739E /* Sources */ = {
			isa = PBXSourcesBuildPhase;
			buildActionMask = 2147483647;
			files = (
				35A87E031D52B998004E739E /* EmblemUITests.swift in Sources */,
			);
			runOnlyForDeploymentPostprocessing = 0;
		};
/* End PBXSourcesBuildPhase section */

/* Begin PBXTargetDependency section */
		35A87DF51D52B998004E739E /* PBXTargetDependency */ = {
			isa = PBXTargetDependency;
			target = 35A87DDE1D52B997004E739E /* Emblem */;
			targetProxy = 35A87DF41D52B998004E739E /* PBXContainerItemProxy */;
		};
		35A87E001D52B998004E739E /* PBXTargetDependency */ = {
			isa = PBXTargetDependency;
			target = 35A87DDE1D52B997004E739E /* Emblem */;
			targetProxy = 35A87DFF1D52B998004E739E /* PBXContainerItemProxy */;
		};
/* End PBXTargetDependency section */

/* Begin PBXVariantGroup section */
		35A87DE61D52B997004E739E /* Main.storyboard */ = {
			isa = PBXVariantGroup;
			children = (
				35A87DE71D52B997004E739E /* Base */,
			);
			name = Main.storyboard;
			sourceTree = "<group>";
		};
		35A87DEB1D52B998004E739E /* LaunchScreen.storyboard */ = {
			isa = PBXVariantGroup;
			children = (
				35A87DEC1D52B998004E739E /* Base */,
			);
			name = LaunchScreen.storyboard;
			sourceTree = "<group>";
		};
/* End PBXVariantGroup section */

/* Begin XCBuildConfiguration section */
		35A87E051D52B998004E739E /* Debug */ = {
			isa = XCBuildConfiguration;
			buildSettings = {
				ALWAYS_SEARCH_USER_PATHS = NO;
				CLANG_ANALYZER_NONNULL = YES;
				CLANG_CXX_LANGUAGE_STANDARD = "gnu++0x";
				CLANG_CXX_LIBRARY = "libc++";
				CLANG_ENABLE_MODULES = YES;
				CLANG_ENABLE_OBJC_ARC = YES;
				CLANG_WARN_BOOL_CONVERSION = YES;
				CLANG_WARN_CONSTANT_CONVERSION = YES;
				CLANG_WARN_DIRECT_OBJC_ISA_USAGE = YES_ERROR;
				CLANG_WARN_EMPTY_BODY = YES;
				CLANG_WARN_ENUM_CONVERSION = YES;
				CLANG_WARN_INT_CONVERSION = YES;
				CLANG_WARN_OBJC_ROOT_CLASS = YES_ERROR;
				CLANG_WARN_UNREACHABLE_CODE = YES;
				CLANG_WARN__DUPLICATE_METHOD_MATCH = YES;
				"CODE_SIGN_IDENTITY[sdk=iphoneos*]" = "iPhone Developer";
				COPY_PHASE_STRIP = NO;
				DEBUG_INFORMATION_FORMAT = dwarf;
				ENABLE_STRICT_OBJC_MSGSEND = YES;
				ENABLE_TESTABILITY = YES;
				GCC_C_LANGUAGE_STANDARD = gnu99;
				GCC_DYNAMIC_NO_PIC = NO;
				GCC_NO_COMMON_BLOCKS = YES;
				GCC_OPTIMIZATION_LEVEL = 0;
				GCC_PREPROCESSOR_DEFINITIONS = (
					"DEBUG=1",
					"$(inherited)",
				);
				GCC_WARN_64_TO_32_BIT_CONVERSION = YES;
				GCC_WARN_ABOUT_RETURN_TYPE = YES_ERROR;
				GCC_WARN_UNDECLARED_SELECTOR = YES;
				GCC_WARN_UNINITIALIZED_AUTOS = YES_AGGRESSIVE;
				GCC_WARN_UNUSED_FUNCTION = YES;
				GCC_WARN_UNUSED_VARIABLE = YES;
				IPHONEOS_DEPLOYMENT_TARGET = 9.2;
				LIBRARY_SEARCH_PATHS = "\"${SRCROOT}/lib/vuforia/lib/arm\"";
				MTL_ENABLE_DEBUG_INFO = YES;
				ONLY_ACTIVE_ARCH = YES;
				SDKROOT = iphoneos;
				SWIFT_OPTIMIZATION_LEVEL = "-Onone";
				TARGETED_DEVICE_FAMILY = "1,2";
				VALID_ARCHS = "armv7 armv7s arm64";
			};
			name = Debug;
		};
		35A87E061D52B998004E739E /* Release */ = {
			isa = XCBuildConfiguration;
			buildSettings = {
				ALWAYS_SEARCH_USER_PATHS = NO;
				CLANG_ANALYZER_NONNULL = YES;
				CLANG_CXX_LANGUAGE_STANDARD = "gnu++0x";
				CLANG_CXX_LIBRARY = "libc++";
				CLANG_ENABLE_MODULES = YES;
				CLANG_ENABLE_OBJC_ARC = YES;
				CLANG_WARN_BOOL_CONVERSION = YES;
				CLANG_WARN_CONSTANT_CONVERSION = YES;
				CLANG_WARN_DIRECT_OBJC_ISA_USAGE = YES_ERROR;
				CLANG_WARN_EMPTY_BODY = YES;
				CLANG_WARN_ENUM_CONVERSION = YES;
				CLANG_WARN_INT_CONVERSION = YES;
				CLANG_WARN_OBJC_ROOT_CLASS = YES_ERROR;
				CLANG_WARN_UNREACHABLE_CODE = YES;
				CLANG_WARN__DUPLICATE_METHOD_MATCH = YES;
				"CODE_SIGN_IDENTITY[sdk=iphoneos*]" = "iPhone Developer";
				COPY_PHASE_STRIP = NO;
				DEBUG_INFORMATION_FORMAT = "dwarf-with-dsym";
				ENABLE_NS_ASSERTIONS = NO;
				ENABLE_STRICT_OBJC_MSGSEND = YES;
				GCC_C_LANGUAGE_STANDARD = gnu99;
				GCC_NO_COMMON_BLOCKS = YES;
				GCC_WARN_64_TO_32_BIT_CONVERSION = YES;
				GCC_WARN_ABOUT_RETURN_TYPE = YES_ERROR;
				GCC_WARN_UNDECLARED_SELECTOR = YES;
				GCC_WARN_UNINITIALIZED_AUTOS = YES_AGGRESSIVE;
				GCC_WARN_UNUSED_FUNCTION = YES;
				GCC_WARN_UNUSED_VARIABLE = YES;
				IPHONEOS_DEPLOYMENT_TARGET = 9.2;
				LIBRARY_SEARCH_PATHS = "\"${SRCROOT}/lib/vuforia/lib/arm\"";
				MTL_ENABLE_DEBUG_INFO = NO;
				SDKROOT = iphoneos;
				TARGETED_DEVICE_FAMILY = "1,2";
				VALIDATE_PRODUCT = YES;
				VALID_ARCHS = "armv7 armv7s arm64";
			};
			name = Release;
		};
		35A87E081D52B998004E739E /* Debug */ = {
			isa = XCBuildConfiguration;
			baseConfigurationReference = E7A804B65C6354D60BBB3FE2 /* Pods-Emblem.debug.xcconfig */;
			buildSettings = {
				ASSETCATALOG_COMPILER_APPICON_NAME = AppIcon;
				CODE_SIGN_IDENTITY = "iPhone Developer: Dane Jordan (QG42KV7GE7)";
				"CODE_SIGN_IDENTITY[sdk=iphoneos*]" = "iPhone Developer: Dane Jordan (QG42KV7GE7)";
				ENABLE_BITCODE = NO;
				HEADER_SEARCH_PATHS = (
					"$(inherited)",
					"\"${PODS_ROOT}/Headers/Public\"",
					"\"${PODS_ROOT}/Headers/Public/GoogleMaps\"",
					"\"$(SRCROOT)/lib/vuforia/include\"",
				);
				INFOPLIST_FILE = Emblem/Info.plist;
				IPHONEOS_DEPLOYMENT_TARGET = 9.2;
				LD_RUNPATH_SEARCH_PATHS = "$(inherited) @executable_path/Frameworks";
				LIBRARY_SEARCH_PATHS = (
					"$(inherited)",
					"\"${SRCROOT}/lib/vuforia/lib/arm\"",
					"$(PROJECT_DIR)/lib/vuforia/lib/arm",
				);
				OTHER_LDFLAGS = (
					"$(inherited)",
					"-ObjC",
					"-l\"c++\"",
					"-l\"z\"",
					"-framework",
					"\"Accelerate\"",
					"-framework",
					"\"Bolts\"",
					"-framework",
					"\"CoreData\"",
					"-framework",
					"\"CoreGraphics\"",
					"-framework",
					"\"CoreLocation\"",
					"-framework",
					"\"CoreText\"",
					"-framework",
					"\"FBSDKCoreKit\"",
					"-framework",
					"\"FBSDKLoginKit\"",
					"-framework",
					"\"FBSDKShareKit\"",
					"-framework",
					"\"FacebookCore\"",
					"-framework",
					"\"FacebookLogin\"",
					"-framework",
					"\"FacebookShare\"",
					"-framework",
					"\"GLKit\"",
					"-framework",
					"\"GoogleMaps\"",
					"-framework",
					"\"GoogleMapsBase\"",
					"-framework",
					"\"GoogleMapsCore\"",
					"-framework",
					"\"ImageIO\"",
					"-framework",
					"\"OpenGLES\"",
					"-framework",
					"\"QuartzCore\"",
					"-framework",
					"\"SocketIOClientSwift\"",
					"-framework",
					"\"SwiftyJSON\"",
					"-framework",
					"\"SystemConfiguration\"",
					"-framework",
					"\"UIKit\"",
					"-lVuforia",
				);
				PRODUCT_BUNDLE_IDENTIFIER = com.hadashco.emblem;
				PRODUCT_NAME = "$(TARGET_NAME)";
				PROVISIONING_PROFILE = "";
				SWIFT_OBJC_BRIDGING_HEADER = "Emblem/Emblem-Bridging-Header.h";
				VALID_ARCHS = "armv7 armv7s arm64";
			};
			name = Debug;
		};
		35A87E091D52B998004E739E /* Release */ = {
			isa = XCBuildConfiguration;
			baseConfigurationReference = A8D395F0EF6B5C0151062790 /* Pods-Emblem.release.xcconfig */;
			buildSettings = {
				ASSETCATALOG_COMPILER_APPICON_NAME = AppIcon;
				CODE_SIGN_IDENTITY = "iPhone Developer: Dane Jordan (QG42KV7GE7)";
				"CODE_SIGN_IDENTITY[sdk=iphoneos*]" = "iPhone Developer: Dane Jordan (QG42KV7GE7)";
				ENABLE_BITCODE = NO;
				"FRAMEWORK_SEARCH_PATHS[arch=*]" = "$(PROJECT_DIR)";
				GCC_OPTIMIZATION_LEVEL = s;
				HEADER_SEARCH_PATHS = (
					"$(inherited)",
					"\"${PODS_ROOT}/Headers/Public\"",
					"\"${PODS_ROOT}/Headers/Public/GoogleMaps\"",
					"\"$(SRCROOT)/lib/vuforia/include\"",
				);
				INFOPLIST_FILE = Emblem/Info.plist;
				IPHONEOS_DEPLOYMENT_TARGET = 9.2;
				LD_RUNPATH_SEARCH_PATHS = "$(inherited) @executable_path/Frameworks";
				LIBRARY_SEARCH_PATHS = (
					"$(inherited)",
					"\"${SRCROOT}/lib/vuforia/lib/arm\"",
					"$(PROJECT_DIR)/lib/vuforia/lib/arm",
				);
				OTHER_LDFLAGS = (
					"$(inherited)",
					"-ObjC",
					"-l\"c++\"",
					"-l\"z\"",
					"-framework",
					"\"Accelerate\"",
					"-framework",
					"\"Bolts\"",
					"-framework",
					"\"CoreData\"",
					"-framework",
					"\"CoreGraphics\"",
					"-framework",
					"\"CoreLocation\"",
					"-framework",
					"\"CoreText\"",
					"-framework",
					"\"FBSDKCoreKit\"",
					"-framework",
					"\"FBSDKLoginKit\"",
					"-framework",
					"\"FBSDKShareKit\"",
					"-framework",
					"\"FacebookCore\"",
					"-framework",
					"\"FacebookLogin\"",
					"-framework",
					"\"FacebookShare\"",
					"-framework",
					"\"GLKit\"",
					"-framework",
					"\"GoogleMaps\"",
					"-framework",
					"\"GoogleMapsBase\"",
					"-framework",
					"\"GoogleMapsCore\"",
					"-framework",
					"\"ImageIO\"",
					"-framework",
					"\"OpenGLES\"",
					"-framework",
					"\"QuartzCore\"",
					"-framework",
					"\"SocketIOClientSwift\"",
					"-framework",
					"\"SwiftyJSON\"",
					"-framework",
					"\"SystemConfiguration\"",
					"-framework",
					"\"UIKit\"",
					"-lVuforia",
				);
				PRODUCT_BUNDLE_IDENTIFIER = com.hadashco.emblem;
				PRODUCT_NAME = "$(TARGET_NAME)";
				PROVISIONING_PROFILE = "";
				SWIFT_OBJC_BRIDGING_HEADER = "Emblem/Emblem-Bridging-Header.h";
				VALID_ARCHS = "armv7 armv7s arm64";
			};
			name = Release;
		};
		35A87E0B1D52B998004E739E /* Debug */ = {
			isa = XCBuildConfiguration;
			baseConfigurationReference = 7EDE38068E97E3DD01296F43 /* Pods-EmblemTests.debug.xcconfig */;
			buildSettings = {
				BUNDLE_LOADER = "$(TEST_HOST)";
				INFOPLIST_FILE = EmblemTests/Info.plist;
				LD_RUNPATH_SEARCH_PATHS = "$(inherited) @executable_path/Frameworks @loader_path/Frameworks";
				PRODUCT_BUNDLE_IDENTIFIER = Hadashco.EmblemTests;
				PRODUCT_NAME = "$(TARGET_NAME)";
				TEST_HOST = "$(BUILT_PRODUCTS_DIR)/Emblem.app/Emblem";
			};
			name = Debug;
		};
		35A87E0C1D52B998004E739E /* Release */ = {
			isa = XCBuildConfiguration;
			baseConfigurationReference = 679B4FD6FEAE7FBD70BF8A6B /* Pods-EmblemTests.release.xcconfig */;
			buildSettings = {
				BUNDLE_LOADER = "$(TEST_HOST)";
				INFOPLIST_FILE = EmblemTests/Info.plist;
				LD_RUNPATH_SEARCH_PATHS = "$(inherited) @executable_path/Frameworks @loader_path/Frameworks";
				PRODUCT_BUNDLE_IDENTIFIER = Hadashco.EmblemTests;
				PRODUCT_NAME = "$(TARGET_NAME)";
				TEST_HOST = "$(BUILT_PRODUCTS_DIR)/Emblem.app/Emblem";
			};
			name = Release;
		};
		35A87E0E1D52B998004E739E /* Debug */ = {
			isa = XCBuildConfiguration;
			baseConfigurationReference = 600D4A85AE037D048F0AA4C0 /* Pods-EmblemUITests.debug.xcconfig */;
			buildSettings = {
				INFOPLIST_FILE = EmblemUITests/Info.plist;
				LD_RUNPATH_SEARCH_PATHS = "$(inherited) @executable_path/Frameworks @loader_path/Frameworks";
				PRODUCT_BUNDLE_IDENTIFIER = Hadashco.EmblemUITests;
				PRODUCT_NAME = "$(TARGET_NAME)";
				TEST_TARGET_NAME = Emblem;
			};
			name = Debug;
		};
		35A87E0F1D52B998004E739E /* Release */ = {
			isa = XCBuildConfiguration;
			baseConfigurationReference = 67770561255CFF1F85E4316B /* Pods-EmblemUITests.release.xcconfig */;
			buildSettings = {
				INFOPLIST_FILE = EmblemUITests/Info.plist;
				LD_RUNPATH_SEARCH_PATHS = "$(inherited) @executable_path/Frameworks @loader_path/Frameworks";
				PRODUCT_BUNDLE_IDENTIFIER = Hadashco.EmblemUITests;
				PRODUCT_NAME = "$(TARGET_NAME)";
				TEST_TARGET_NAME = Emblem;
			};
			name = Release;
		};
/* End XCBuildConfiguration section */

/* Begin XCConfigurationList section */
		35A87DDA1D52B997004E739E /* Build configuration list for PBXProject "Emblem" */ = {
			isa = XCConfigurationList;
			buildConfigurations = (
				35A87E051D52B998004E739E /* Debug */,
				35A87E061D52B998004E739E /* Release */,
			);
			defaultConfigurationIsVisible = 0;
			defaultConfigurationName = Release;
		};
		35A87E071D52B998004E739E /* Build configuration list for PBXNativeTarget "Emblem" */ = {
			isa = XCConfigurationList;
			buildConfigurations = (
				35A87E081D52B998004E739E /* Debug */,
				35A87E091D52B998004E739E /* Release */,
			);
			defaultConfigurationIsVisible = 0;
			defaultConfigurationName = Release;
		};
		35A87E0A1D52B998004E739E /* Build configuration list for PBXNativeTarget "EmblemTests" */ = {
			isa = XCConfigurationList;
			buildConfigurations = (
				35A87E0B1D52B998004E739E /* Debug */,
				35A87E0C1D52B998004E739E /* Release */,
			);
			defaultConfigurationIsVisible = 0;
			defaultConfigurationName = Release;
		};
		35A87E0D1D52B998004E739E /* Build configuration list for PBXNativeTarget "EmblemUITests" */ = {
			isa = XCConfigurationList;
			buildConfigurations = (
				35A87E0E1D52B998004E739E /* Debug */,
				35A87E0F1D52B998004E739E /* Release */,
			);
			defaultConfigurationIsVisible = 0;
			defaultConfigurationName = Release;
		};
/* End XCConfigurationList section */
	};
	rootObject = 35A87DD71D52B997004E739E /* Project object */;
}
